<?xml version="1.0" encoding="UTF-8"?>
<Scheme
   LastUpgradeVersion = "0720"
   version = "1.3">
   <BuildAction
      parallelizeBuildables = "YES"
      buildImplicitDependencies = "YES">
      <BuildActionEntries>
         <BuildActionEntry
            buildForTesting = "YES"
            buildForRunning = "YES"
            buildForProfiling = "YES"
            buildForArchiving = "YES"
            buildForAnalyzing = "YES">
            <BuildableReference
               BuildableIdentifier = "primary"
               BlueprintIdentifier = "E19C6E391C3C4C1000FE3D3D"
               BuildableName = "updateMSOfficeIfNeeded"
               BlueprintName = "updateMSOfficeIfNeeded"
               ReferencedContainer = "container:updateMSOfficeIfNeeded.xcodeproj">
            </BuildableReference>
         </BuildActionEntry>
      </BuildActionEntries>
   </BuildAction>
   <TestAction
      buildConfiguration = "Debug"
      selectedDebuggerIdentifier = "Xcode.DebuggerFoundation.Debugger.LLDB"
      selectedLauncherIdentifier = "Xcode.DebuggerFoundation.Launcher.LLDB"
      shouldUseLaunchSchemeArgsEnv = "YES">
      <Testables>
      </Testables>
      <MacroExpansion>
         <BuildableReference
            BuildableIdentifier = "primary"
            BlueprintIdentifier = "E19C6E391C3C4C1000FE3D3D"
            BuildableName = "updateMSOfficeIfNeeded"
            BlueprintName = "updateMSOfficeIfNeeded"
            ReferencedContainer = "container:updateMSOfficeIfNeeded.xcodeproj">
         </BuildableReference>
      </MacroExpansion>
      <AdditionalOptions>
      </AdditionalOptions>
   </TestAction>
   <LaunchAction
      buildConfiguration = "Debug"
      selectedDebuggerIdentifier = "Xcode.DebuggerFoundation.Debugger.LLDB"
      selectedLauncherIdentifier = "Xcode.DebuggerFoundation.Launcher.LLDB"
      debugAsWhichUser = "root"
      launchStyle = "0"
      useCustomWorkingDirectory = "NO"
      ignoresPersistentStateOnLaunch = "NO"
      debugDocumentVersioning = "YES"
      debugServiceExtension = "internal"
      allowLocationSimulation = "YES">
      <BuildableProductRunnable
         runnableDebuggingMode = "0">
         <BuildableReference
            BuildableIdentifier = "primary"
            BlueprintIdentifier = "E19C6E391C3C4C1000FE3D3D"
            BuildableName = "updateMSOfficeIfNeeded"
            BlueprintName = "updateMSOfficeIfNeeded"
            ReferencedContainer = "container:updateMSOfficeIfNeeded.xcodeproj">
         </BuildableReference>
      </BuildableProductRunnable>
      <CommandLineArguments>
         <CommandLineArgument
            argument = "test1"
            isEnabled = "YES">
         </CommandLineArgument>
         <CommandLineArgument
            argument = "test2"
            isEnabled = "YES">
         </CommandLineArgument>
         <CommandLineArgument
            argument = "test3"
            isEnabled = "YES">
         </CommandLineArgument>
         <CommandLineArgument
            argument = "2011"
            isEnabled = "YES">
         </CommandLineArgument>
         <CommandLineArgument
            argument = "14.5.9"
            isEnabled = "YES">
         </CommandLineArgument>
      </CommandLineArguments>
      <AdditionalOptions>
      </AdditionalOptions>
   </LaunchAction>
   <ProfileAction
      buildConfiguration = "Release"
      shouldUseLaunchSchemeArgsEnv = "YES"
      savedToolIdentifier = ""
      useCustomWorkingDirectory = "NO"
      debugDocumentVersioning = "YES">
      <BuildableProductRunnable
         runnableDebuggingMode = "0">
         <BuildableReference
            BuildableIdentifier = "primary"
            BlueprintIdentifier = "E19C6E391C3C4C1000FE3D3D"
            BuildableName = "updateMSOfficeIfNeeded"
            BlueprintName = "updateMSOfficeIfNeeded"
            ReferencedContainer = "container:updateMSOfficeIfNeeded.xcodeproj">
         </BuildableReference>
      </BuildableProductRunnable>
   </ProfileAction>
   <AnalyzeAction
      buildConfiguration = "Debug">
   </AnalyzeAction>
   <ArchiveAction
      buildConfiguration = "Release"
      revealArchiveInOrganizer = "YES">
   </ArchiveAction>
</Scheme>
